<Solution>
  <Folder Name="/src/">
    <Project Path="Backend/src/API/API.csproj" />
    <Project Path="Backend/src/Application/Application.csproj" />
    <Project Path="Backend/src/Authentication/Authentication.csproj" />
    <Project Path="Backend/src/Domain/Domain.csproj" />
    <Project Path="Backend/src/Infrastructure/Infrastructure.csproj" />
  </Folder>
  <Folder Name="/Backend/tests/">
    <Project Path="Backend/tests/IntegrationTests/IntegrationTests.csproj" />
    <Project Path="Backend/tests/UnitTests/UnitTests.csproj" />
  </Folder>
</Solution>
